
Microsoft Visual Studio Solution File, Format Version 12.00
# Visual Studio 15
VisualStudioVersion = 15.0.27004.2009
MinimumVisualStudioVersion = 10.0.40219.1
Project("{FAE04EC0-301F-11D3-BF4B-00C04F79EFBC}") = "EventHubSender", "EventHubSender\EventHubSender.csproj", "{8D5C92A0-0D4C-48C8-8170-5D01EF8417EC}"
EndProject
Global
	GlobalSection(SolutionConfigurationPlatforms) = preSolution
		Debug|Any CPU = Debug|Any CPU
		Release|Any CPU = Release|Any CPU
	EndGlobalSection
	GlobalSection(ProjectConfigurationPlatforms) = postSolution
		{8D5C92A0-0D4C-48C8-8170-5D01EF8417EC}.Debug|Any CPU.ActiveCfg = Debug|Any CPU
		{8D5C92A0-0D4C-48C8-8170-5D01EF8417EC}.Debug|Any CPU.Build.0 = Debug|Any CPU
		{8D5C92A0-0D4C-48C8-8170-5D01EF8417EC}.Release|Any CPU.ActiveCfg = Release|Any CPU
		{8D5C92A0-0D4C-48C8-8170-5D01EF8417EC}.Release|Any CPU.Build.0 = Release|Any CPU
	EndGlobalSection
	GlobalSection(SolutionProperties) = preSolution
		HideSolutionNode = FALSE
	EndGlobalSection
	GlobalSection(ExtensibilityGlobals) = postSolution
		SolutionGuid = {1FB8E5B9-B17E-4A2E-A78E-8AE24A3FA7FF}
	EndGlobalSection
EndGlobal
